{
  "name": "loteria",
  "version": "1.0.0",
  "lockfileVersion": 1,
  "requires": true,
  "dependencies": {
    "fonoapi-nodejs": {
      "version": "0.1.1",
      "resolved": "http://binario.caixa:8081/repository/npm-all/fonoapi-nodejs/-/fonoapi-nodejs-0.1.1.tgz",
      "integrity": "sha1-9lEKxP6t41c9OcHMreMqhARDFPE=",
      "requires": {
        "httpreq": "^0.4.22"
      }
    },
    "httpreq": {
      "version": "0.4.24",
      "resolved": "http://binario.caixa:8081/repository/npm-all/httpreq/-/httpreq-0.4.24.tgz",
      "integrity": "sha1-QzX/2CzZaWaKOUZckprGHWOTYn8="
    }
  }
}
